
Microsoft Visual Studio Solution File, Format Version 12.00
# Visual Studio Version 16
VisualStudioVersion = 16.0.31624.102
MinimumVisualStudioVersion = 10.0.40219.1
Project("{FAE04EC0-301F-11D3-BF4B-00C04F79EFBC}") = "WPF_Overconsumption", "WPF_Overconsumption\WPF_Overconsumption.csproj", "{2DA62CCB-D22E-4132-8642-436805BF35D1}"
EndProject
Global
	GlobalSection(SolutionConfigurationPlatforms) = preSolution
		Debug|Any CPU = Debug|Any CPU
		Release|Any CPU = Release|Any CPU
	EndGlobalSection
	GlobalSection(ProjectConfigurationPlatforms) = postSolution
		{2DA62CCB-D22E-4132-8642-436805BF35D1}.Debug|Any CPU.ActiveCfg = Debug|Any CPU
		{2DA62CCB-D22E-4132-8642-436805BF35D1}.Debug|Any CPU.Build.0 = Debug|Any CPU
		{2DA62CCB-D22E-4132-8642-436805BF35D1}.Release|Any CPU.ActiveCfg = Release|Any CPU
		{2DA62CCB-D22E-4132-8642-436805BF35D1}.Release|Any CPU.Build.0 = Release|Any CPU
	EndGlobalSection
	GlobalSection(SolutionProperties) = preSolution
		HideSolutionNode = FALSE
	EndGlobalSection
	GlobalSection(ExtensibilityGlobals) = postSolution
		SolutionGuid = {8283D7C2-F6F4-4D69-8B1C-59A3AB2BC528}
	EndGlobalSection
EndGlobal
